
Microsoft Visual Studio Solution File, Format Version 12.00
# Visual Studio 15
VisualStudioVersion = 15.0.26228.12
MinimumVisualStudioVersion = 10.0.40219.1
Project("{FAE04EC0-301F-11D3-BF4B-00C04F79EFBC}") = "FutbolPlayAdmin.Droid", "FutbolPlayAdmin\FutbolPlayAdmin.Droid\FutbolPlayAdmin.Droid.csproj", "{89B4BC60-5233-4BC5-B519-AA4804D30A42}"
EndProject
Project("{FAE04EC0-301F-11D3-BF4B-00C04F79EFBC}") = "FutbolPlayAdmin.iOS", "FutbolPlayAdmin\FutbolPlayAdmin.iOS\FutbolPlayAdmin.iOS.csproj", "{76329BBC-76DA-4FCE-9B36-2D68A184408C}"
EndProject
Project("{FAE04EC0-301F-11D3-BF4B-00C04F79EFBC}") = "FutbolPlayAdmin.UWP", "FutbolPlayAdmin\FutbolPlayAdmin.UWP\FutbolPlayAdmin.UWP.csproj", "{E04117EB-CA3B-43AE-A464-A14CD9BEFDBB}"
EndProject
Project("{FAE04EC0-301F-11D3-BF4B-00C04F79EFBC}") = "FutbolPlayAdmin", "FutbolPlayAdmin\FutbolPlayAdmin\FutbolPlayAdmin.csproj", "{A0106071-ECDE-4638-8DA4-69B0AFB163AA}"
EndProject
Project("{FAE04EC0-301F-11D3-BF4B-00C04F79EFBC}") = "FutbolPlay.Common", "..\sportsplaymobile\FutbolPlay\FutbolPlay.Common\FutbolPlay.Common.csproj", "{1A0FE937-5F47-4EA5-8739-594ED10B85DC}"
EndProject
Project("{FAE04EC0-301F-11D3-BF4B-00C04F79EFBC}") = "FutbolPlay.WebApi", "..\sportsplaymobile\FutbolPlay\FutbolPlay.WebApi\FutbolPlay.WebApi.csproj", "{67F9D3A8-F71E-4428-913F-C37AE82CDB24}"
EndProject
Global
	GlobalSection(SolutionConfigurationPlatforms) = preSolution
		Ad-Hoc|Any CPU = Ad-Hoc|Any CPU
		Ad-Hoc|ARM = Ad-Hoc|ARM
		Ad-Hoc|iPhone = Ad-Hoc|iPhone
		Ad-Hoc|iPhoneSimulator = Ad-Hoc|iPhoneSimulator
		Ad-Hoc|x64 = Ad-Hoc|x64
		Ad-Hoc|x86 = Ad-Hoc|x86
		AppStore|Any CPU = AppStore|Any CPU
		AppStore|ARM = AppStore|ARM
		AppStore|iPhone = AppStore|iPhone
		AppStore|iPhoneSimulator = AppStore|iPhoneSimulator
		AppStore|x64 = AppStore|x64
		AppStore|x86 = AppStore|x86
		Debug|Any CPU = Debug|Any CPU
		Debug|ARM = Debug|ARM
		Debug|iPhone = Debug|iPhone
		Debug|iPhoneSimulator = Debug|iPhoneSimulator
		Debug|x64 = Debug|x64
		Debug|x86 = Debug|x86
		Release|Any CPU = Release|Any CPU
		Release|ARM = Release|ARM
		Release|iPhone = Release|iPhone
		Release|iPhoneSimulator = Release|iPhoneSimulator
		Release|x64 = Release|x64
		Release|x86 = Release|x86
	EndGlobalSection
	GlobalSection(ProjectConfigurationPlatforms) = postSolution
		{89B4BC60-5233-4BC5-B519-AA4804D30A42}.Ad-Hoc|Any CPU.ActiveCfg = Release|Any CPU
		{89B4BC60-5233-4BC5-B519-AA4804D30A42}.Ad-Hoc|Any CPU.Build.0 = Release|Any CPU
		{89B4BC60-5233-4BC5-B519-AA4804D30A42}.Ad-Hoc|Any CPU.Deploy.0 = Release|Any CPU
		{89B4BC60-5233-4BC5-B519-AA4804D30A42}.Ad-Hoc|ARM.ActiveCfg = Release|Any CPU
		{89B4BC60-5233-4BC5-B519-AA4804D30A42}.Ad-Hoc|ARM.Build.0 = Release|Any CPU
		{89B4BC60-5233-4BC5-B519-AA4804D30A42}.Ad-Hoc|ARM.Deploy.0 = Release|Any CPU
		{89B4BC60-5233-4BC5-B519-AA4804D30A42}.Ad-Hoc|iPhone.ActiveCfg = Release|Any CPU
		{89B4BC60-5233-4BC5-B519-AA4804D30A42}.Ad-Hoc|iPhone.Build.0 = Release|Any CPU
		{89B4BC60-5233-4BC5-B519-AA4804D30A42}.Ad-Hoc|iPhone.Deploy.0 = Release|Any CPU
		{89B4BC60-5233-4BC5-B519-AA4804D30A42}.Ad-Hoc|iPhoneSimulator.ActiveCfg = Release|Any CPU
		{89B4BC60-5233-4BC5-B519-AA4804D30A42}.Ad-Hoc|iPhoneSimulator.Build.0 = Release|Any CPU
		{89B4BC60-5233-4BC5-B519-AA4804D30A42}.Ad-Hoc|iPhoneSimulator.Deploy.0 = Release|Any CPU
		{89B4BC60-5233-4BC5-B519-AA4804D30A42}.Ad-Hoc|x64.ActiveCfg = Release|Any CPU
		{89B4BC60-5233-4BC5-B519-AA4804D30A42}.Ad-Hoc|x64.Build.0 = Release|Any CPU
		{89B4BC60-5233-4BC5-B519-AA4804D30A42}.Ad-Hoc|x64.Deploy.0 = Release|Any CPU
		{89B4BC60-5233-4BC5-B519-AA4804D30A42}.Ad-Hoc|x86.ActiveCfg = Release|Any CPU
		{89B4BC60-5233-4BC5-B519-AA4804D30A42}.Ad-Hoc|x86.Build.0 = Release|Any CPU
		{89B4BC60-5233-4BC5-B519-AA4804D30A42}.Ad-Hoc|x86.Deploy.0 = Release|Any CPU
		{89B4BC60-5233-4BC5-B519-AA4804D30A42}.AppStore|Any CPU.ActiveCfg = Release|Any CPU
		{89B4BC60-5233-4BC5-B519-AA4804D30A42}.AppStore|Any CPU.Build.0 = Release|Any CPU
		{89B4BC60-5233-4BC5-B519-AA4804D30A42}.AppStore|Any CPU.Deploy.0 = Release|Any CPU
		{89B4BC60-5233-4BC5-B519-AA4804D30A42}.AppStore|ARM.ActiveCfg = Release|Any CPU
		{89B4BC60-5233-4BC5-B519-AA4804D30A42}.AppStore|ARM.Build.0 = Release|Any CPU
		{89B4BC60-5233-4BC5-B519-AA4804D30A42}.AppStore|ARM.Deploy.0 = Release|Any CPU
		{89B4BC60-5233-4BC5-B519-AA4804D30A42}.AppStore|iPhone.ActiveCfg = Release|Any CPU
		{89B4BC60-5233-4BC5-B519-AA4804D30A42}.AppStore|iPhone.Build.0 = Release|Any CPU
		{89B4BC60-5233-4BC5-B519-AA4804D30A42}.AppStore|iPhone.Deploy.0 = Release|Any CPU
		{89B4BC60-5233-4BC5-B519-AA4804D30A42}.AppStore|iPhoneSimulator.ActiveCfg = Release|Any CPU
		{89B4BC60-5233-4BC5-B519-AA4804D30A42}.AppStore|iPhoneSimulator.Build.0 = Release|Any CPU
		{89B4BC60-5233-4BC5-B519-AA4804D30A42}.AppStore|iPhoneSimulator.Deploy.0 = Release|Any CPU
		{89B4BC60-5233-4BC5-B519-AA4804D30A42}.AppStore|x64.ActiveCfg = Release|Any CPU
		{89B4BC60-5233-4BC5-B519-AA4804D30A42}.AppStore|x64.Build.0 = Release|Any CPU
		{89B4BC60-5233-4BC5-B519-AA4804D30A42}.AppStore|x64.Deploy.0 = Release|Any CPU
		{89B4BC60-5233-4BC5-B519-AA4804D30A42}.AppStore|x86.ActiveCfg = Release|Any CPU
		{89B4BC60-5233-4BC5-B519-AA4804D30A42}.AppStore|x86.Build.0 = Release|Any CPU
		{89B4BC60-5233-4BC5-B519-AA4804D30A42}.AppStore|x86.Deploy.0 = Release|Any CPU
		{89B4BC60-5233-4BC5-B519-AA4804D30A42}.Debug|Any CPU.ActiveCfg = Debug|Any CPU
		{89B4BC60-5233-4BC5-B519-AA4804D30A42}.Debug|Any CPU.Build.0 = Debug|Any CPU
		{89B4BC60-5233-4BC5-B519-AA4804D30A42}.Debug|Any CPU.Deploy.0 = Debug|Any CPU
		{89B4BC60-5233-4BC5-B519-AA4804D30A42}.Debug|ARM.ActiveCfg = Debug|Any CPU
		{89B4BC60-5233-4BC5-B519-AA4804D30A42}.Debug|ARM.Build.0 = Debug|Any CPU
		{89B4BC60-5233-4BC5-B519-AA4804D30A42}.Debug|ARM.Deploy.0 = Debug|Any CPU
		{89B4BC60-5233-4BC5-B519-AA4804D30A42}.Debug|iPhone.ActiveCfg = Debug|Any CPU
		{89B4BC60-5233-4BC5-B519-AA4804D30A42}.Debug|iPhone.Build.0 = Debug|Any CPU
		{89B4BC60-5233-4BC5-B519-AA4804D30A42}.Debug|iPhone.Deploy.0 = Debug|Any CPU
		{89B4BC60-5233-4BC5-B519-AA4804D30A42}.Debug|iPhoneSimulator.ActiveCfg = Debug|Any CPU
		{89B4BC60-5233-4BC5-B519-AA4804D30A42}.Debug|iPhoneSimulator.Build.0 = Debug|Any CPU
		{89B4BC60-5233-4BC5-B519-AA4804D30A42}.Debug|iPhoneSimulator.Deploy.0 = Debug|Any CPU
		{89B4BC60-5233-4BC5-B519-AA4804D30A42}.Debug|x64.ActiveCfg = Debug|Any CPU
		{89B4BC60-5233-4BC5-B519-AA4804D30A42}.Debug|x64.Build.0 = Debug|Any CPU
		{89B4BC60-5233-4BC5-B519-AA4804D30A42}.Debug|x64.Deploy.0 = Debug|Any CPU
		{89B4BC60-5233-4BC5-B519-AA4804D30A42}.Debug|x86.ActiveCfg = Debug|Any CPU
		{89B4BC60-5233-4BC5-B519-AA4804D30A42}.Debug|x86.Build.0 = Debug|Any CPU
		{89B4BC60-5233-4BC5-B519-AA4804D30A42}.Debug|x86.Deploy.0 = Debug|Any CPU
		{89B4BC60-5233-4BC5-B519-AA4804D30A42}.Release|Any CPU.ActiveCfg = Release|Any CPU
		{89B4BC60-5233-4BC5-B519-AA4804D30A42}.Release|Any CPU.Build.0 = Release|Any CPU
		{89B4BC60-5233-4BC5-B519-AA4804D30A42}.Release|Any CPU.Deploy.0 = Release|Any CPU
		{89B4BC60-5233-4BC5-B519-AA4804D30A42}.Release|ARM.ActiveCfg = Release|Any CPU
		{89B4BC60-5233-4BC5-B519-AA4804D30A42}.Release|ARM.Build.0 = Release|Any CPU
		{89B4BC60-5233-4BC5-B519-AA4804D30A42}.Release|ARM.Deploy.0 = Release|Any CPU
		{89B4BC60-5233-4BC5-B519-AA4804D30A42}.Release|iPhone.ActiveCfg = Release|Any CPU
		{89B4BC60-5233-4BC5-B519-AA4804D30A42}.Release|iPhone.Build.0 = Release|Any CPU
		{89B4BC60-5233-4BC5-B519-AA4804D30A42}.Release|iPhone.Deploy.0 = Release|Any CPU
		{89B4BC60-5233-4BC5-B519-AA4804D30A42}.Release|iPhoneSimulator.ActiveCfg = Release|Any CPU
		{89B4BC60-5233-4BC5-B519-AA4804D30A42}.Release|iPhoneSimulator.Build.0 = Release|Any CPU
		{89B4BC60-5233-4BC5-B519-AA4804D30A42}.Release|iPhoneSimulator.Deploy.0 = Release|Any CPU
		{89B4BC60-5233-4BC5-B519-AA4804D30A42}.Release|x64.ActiveCfg = Release|Any CPU
		{89B4BC60-5233-4BC5-B519-AA4804D30A42}.Release|x64.Build.0 = Release|Any CPU
		{89B4BC60-5233-4BC5-B519-AA4804D30A42}.Release|x64.Deploy.0 = Release|Any CPU
		{89B4BC60-5233-4BC5-B519-AA4804D30A42}.Release|x86.ActiveCfg = Release|Any CPU
		{89B4BC60-5233-4BC5-B519-AA4804D30A42}.Release|x86.Build.0 = Release|Any CPU
		{89B4BC60-5233-4BC5-B519-AA4804D30A42}.Release|x86.Deploy.0 = Release|Any CPU
		{76329BBC-76DA-4FCE-9B36-2D68A184408C}.Ad-Hoc|Any CPU.ActiveCfg = Ad-Hoc|iPhone
		{76329BBC-76DA-4FCE-9B36-2D68A184408C}.Ad-Hoc|ARM.ActiveCfg = Ad-Hoc|iPhone
		{76329BBC-76DA-4FCE-9B36-2D68A184408C}.Ad-Hoc|iPhone.ActiveCfg = Ad-Hoc|iPhone
		{76329BBC-76DA-4FCE-9B36-2D68A184408C}.Ad-Hoc|iPhone.Build.0 = Ad-Hoc|iPhone
		{76329BBC-76DA-4FCE-9B36-2D68A184408C}.Ad-Hoc|iPhoneSimulator.ActiveCfg = Ad-Hoc|iPhoneSimulator
		{76329BBC-76DA-4FCE-9B36-2D68A184408C}.Ad-Hoc|iPhoneSimulator.Build.0 = Ad-Hoc|iPhoneSimulator
		{76329BBC-76DA-4FCE-9B36-2D68A184408C}.Ad-Hoc|x64.ActiveCfg = Ad-Hoc|iPhone
		{76329BBC-76DA-4FCE-9B36-2D68A184408C}.Ad-Hoc|x86.ActiveCfg = Ad-Hoc|iPhone
		{76329BBC-76DA-4FCE-9B36-2D68A184408C}.AppStore|Any CPU.ActiveCfg = AppStore|iPhone
		{76329BBC-76DA-4FCE-9B36-2D68A184408C}.AppStore|ARM.ActiveCfg = AppStore|iPhone
		{76329BBC-76DA-4FCE-9B36-2D68A184408C}.AppStore|iPhone.ActiveCfg = AppStore|iPhone
		{76329BBC-76DA-4FCE-9B36-2D68A184408C}.AppStore|iPhone.Build.0 = AppStore|iPhone
		{76329BBC-76DA-4FCE-9B36-2D68A184408C}.AppStore|iPhoneSimulator.ActiveCfg = AppStore|iPhoneSimulator
		{76329BBC-76DA-4FCE-9B36-2D68A184408C}.AppStore|iPhoneSimulator.Build.0 = AppStore|iPhoneSimulator
		{76329BBC-76DA-4FCE-9B36-2D68A184408C}.AppStore|x64.ActiveCfg = AppStore|iPhone
		{76329BBC-76DA-4FCE-9B36-2D68A184408C}.AppStore|x86.ActiveCfg = AppStore|iPhone
		{76329BBC-76DA-4FCE-9B36-2D68A184408C}.Debug|Any CPU.ActiveCfg = Debug|iPhone
		{76329BBC-76DA-4FCE-9B36-2D68A184408C}.Debug|ARM.ActiveCfg = Debug|iPhone
		{76329BBC-76DA-4FCE-9B36-2D68A184408C}.Debug|iPhone.ActiveCfg = Debug|iPhone
		{76329BBC-76DA-4FCE-9B36-2D68A184408C}.Debug|iPhone.Build.0 = Debug|iPhone
		{76329BBC-76DA-4FCE-9B36-2D68A184408C}.Debug|iPhoneSimulator.ActiveCfg = Debug|iPhoneSimulator
		{76329BBC-76DA-4FCE-9B36-2D68A184408C}.Debug|iPhoneSimulator.Build.0 = Debug|iPhoneSimulator
		{76329BBC-76DA-4FCE-9B36-2D68A184408C}.Debug|x64.ActiveCfg = Debug|iPhone
		{76329BBC-76DA-4FCE-9B36-2D68A184408C}.Debug|x86.ActiveCfg = Debug|iPhone
		{76329BBC-76DA-4FCE-9B36-2D68A184408C}.Release|Any CPU.ActiveCfg = Release|iPhone
		{76329BBC-76DA-4FCE-9B36-2D68A184408C}.Release|ARM.ActiveCfg = Release|iPhone
		{76329BBC-76DA-4FCE-9B36-2D68A184408C}.Release|iPhone.ActiveCfg = Release|iPhone
		{76329BBC-76DA-4FCE-9B36-2D68A184408C}.Release|iPhone.Build.0 = Release|iPhone
		{76329BBC-76DA-4FCE-9B36-2D68A184408C}.Release|iPhoneSimulator.ActiveCfg = Release|iPhoneSimulator
		{76329BBC-76DA-4FCE-9B36-2D68A184408C}.Release|iPhoneSimulator.Build.0 = Release|iPhoneSimulator
		{76329BBC-76DA-4FCE-9B36-2D68A184408C}.Release|x64.ActiveCfg = Release|iPhone
		{76329BBC-76DA-4FCE-9B36-2D68A184408C}.Release|x86.ActiveCfg = Release|iPhone
		{E04117EB-CA3B-43AE-A464-A14CD9BEFDBB}.Ad-Hoc|Any CPU.ActiveCfg = Release|x86
		{E04117EB-CA3B-43AE-A464-A14CD9BEFDBB}.Ad-Hoc|Any CPU.Build.0 = Release|x86
		{E04117EB-CA3B-43AE-A464-A14CD9BEFDBB}.Ad-Hoc|Any CPU.Deploy.0 = Release|x86
		{E04117EB-CA3B-43AE-A464-A14CD9BEFDBB}.Ad-Hoc|ARM.ActiveCfg = Release|ARM
		{E04117EB-CA3B-43AE-A464-A14CD9BEFDBB}.Ad-Hoc|ARM.Build.0 = Release|ARM
		{E04117EB-CA3B-43AE-A464-A14CD9BEFDBB}.Ad-Hoc|ARM.Deploy.0 = Release|ARM
		{E04117EB-CA3B-43AE-A464-A14CD9BEFDBB}.Ad-Hoc|iPhone.ActiveCfg = Release|x86
		{E04117EB-CA3B-43AE-A464-A14CD9BEFDBB}.Ad-Hoc|iPhone.Build.0 = Release|x86
		{E04117EB-CA3B-43AE-A464-A14CD9BEFDBB}.Ad-Hoc|iPhone.Deploy.0 = Release|x86
		{E04117EB-CA3B-43AE-A464-A14CD9BEFDBB}.Ad-Hoc|iPhoneSimulator.ActiveCfg = Release|x86
		{E04117EB-CA3B-43AE-A464-A14CD9BEFDBB}.Ad-Hoc|iPhoneSimulator.Build.0 = Release|x86
		{E04117EB-CA3B-43AE-A464-A14CD9BEFDBB}.Ad-Hoc|iPhoneSimulator.Deploy.0 = Release|x86
		{E04117EB-CA3B-43AE-A464-A14CD9BEFDBB}.Ad-Hoc|x64.ActiveCfg = Release|x64
		{E04117EB-CA3B-43AE-A464-A14CD9BEFDBB}.Ad-Hoc|x64.Build.0 = Release|x64
		{E04117EB-CA3B-43AE-A464-A14CD9BEFDBB}.Ad-Hoc|x64.Deploy.0 = Release|x64
		{E04117EB-CA3B-43AE-A464-A14CD9BEFDBB}.Ad-Hoc|x86.ActiveCfg = Release|x86
		{E04117EB-CA3B-43AE-A464-A14CD9BEFDBB}.Ad-Hoc|x86.Build.0 = Release|x86
		{E04117EB-CA3B-43AE-A464-A14CD9BEFDBB}.Ad-Hoc|x86.Deploy.0 = Release|x86
		{E04117EB-CA3B-43AE-A464-A14CD9BEFDBB}.AppStore|Any CPU.ActiveCfg = Release|x86
		{E04117EB-CA3B-43AE-A464-A14CD9BEFDBB}.AppStore|Any CPU.Build.0 = Release|x86
		{E04117EB-CA3B-43AE-A464-A14CD9BEFDBB}.AppStore|Any CPU.Deploy.0 = Release|x86
		{E04117EB-CA3B-43AE-A464-A14CD9BEFDBB}.AppStore|ARM.ActiveCfg = Release|ARM
		{E04117EB-CA3B-43AE-A464-A14CD9BEFDBB}.AppStore|ARM.Build.0 = Release|ARM
		{E04117EB-CA3B-43AE-A464-A14CD9BEFDBB}.AppStore|ARM.Deploy.0 = Release|ARM
		{E04117EB-CA3B-43AE-A464-A14CD9BEFDBB}.AppStore|iPhone.ActiveCfg = Release|x86
		{E04117EB-CA3B-43AE-A464-A14CD9BEFDBB}.AppStore|iPhone.Build.0 = Release|x86
		{E04117EB-CA3B-43AE-A464-A14CD9BEFDBB}.AppStore|iPhone.Deploy.0 = Release|x86
		{E04117EB-CA3B-43AE-A464-A14CD9BEFDBB}.AppStore|iPhoneSimulator.ActiveCfg = Release|x86
		{E04117EB-CA3B-43AE-A464-A14CD9BEFDBB}.AppStore|iPhoneSimulator.Build.0 = Release|x86
		{E04117EB-CA3B-43AE-A464-A14CD9BEFDBB}.AppStore|iPhoneSimulator.Deploy.0 = Release|x86
		{E04117EB-CA3B-43AE-A464-A14CD9BEFDBB}.AppStore|x64.ActiveCfg = Release|x64
		{E04117EB-CA3B-43AE-A464-A14CD9BEFDBB}.AppStore|x64.Build.0 = Release|x64
		{E04117EB-CA3B-43AE-A464-A14CD9BEFDBB}.AppStore|x64.Deploy.0 = Release|x64
		{E04117EB-CA3B-43AE-A464-A14CD9BEFDBB}.AppStore|x86.ActiveCfg = Release|x86
		{E04117EB-CA3B-43AE-A464-A14CD9BEFDBB}.AppStore|x86.Build.0 = Release|x86
		{E04117EB-CA3B-43AE-A464-A14CD9BEFDBB}.AppStore|x86.Deploy.0 = Release|x86
		{E04117EB-CA3B-43AE-A464-A14CD9BEFDBB}.Debug|Any CPU.ActiveCfg = Debug|x86
		{E04117EB-CA3B-43AE-A464-A14CD9BEFDBB}.Debug|ARM.ActiveCfg = Debug|ARM
		{E04117EB-CA3B-43AE-A464-A14CD9BEFDBB}.Debug|ARM.Build.0 = Debug|ARM
		{E04117EB-CA3B-43AE-A464-A14CD9BEFDBB}.Debug|ARM.Deploy.0 = Debug|ARM
		{E04117EB-CA3B-43AE-A464-A14CD9BEFDBB}.Debug|iPhone.ActiveCfg = Debug|x86
		{E04117EB-CA3B-43AE-A464-A14CD9BEFDBB}.Debug|iPhoneSimulator.ActiveCfg = Debug|x86
		{E04117EB-CA3B-43AE-A464-A14CD9BEFDBB}.Debug|x64.ActiveCfg = Debug|x64
		{E04117EB-CA3B-43AE-A464-A14CD9BEFDBB}.Debug|x64.Build.0 = Debug|x64
		{E04117EB-CA3B-43AE-A464-A14CD9BEFDBB}.Debug|x64.Deploy.0 = Debug|x64
		{E04117EB-CA3B-43AE-A464-A14CD9BEFDBB}.Debug|x86.ActiveCfg = Debug|x86
		{E04117EB-CA3B-43AE-A464-A14CD9BEFDBB}.Debug|x86.Build.0 = Debug|x86
		{E04117EB-CA3B-43AE-A464-A14CD9BEFDBB}.Debug|x86.Deploy.0 = Debug|x86
		{E04117EB-CA3B-43AE-A464-A14CD9BEFDBB}.Release|Any CPU.ActiveCfg = Release|x86
		{E04117EB-CA3B-43AE-A464-A14CD9BEFDBB}.Release|ARM.ActiveCfg = Release|ARM
		{E04117EB-CA3B-43AE-A464-A14CD9BEFDBB}.Release|ARM.Build.0 = Release|ARM
		{E04117EB-CA3B-43AE-A464-A14CD9BEFDBB}.Release|ARM.Deploy.0 = Release|ARM
		{E04117EB-CA3B-43AE-A464-A14CD9BEFDBB}.Release|iPhone.ActiveCfg = Release|x86
		{E04117EB-CA3B-43AE-A464-A14CD9BEFDBB}.Release|iPhoneSimulator.ActiveCfg = Release|x86
		{E04117EB-CA3B-43AE-A464-A14CD9BEFDBB}.Release|x64.ActiveCfg = Release|x64
		{E04117EB-CA3B-43AE-A464-A14CD9BEFDBB}.Release|x64.Build.0 = Release|x64
		{E04117EB-CA3B-43AE-A464-A14CD9BEFDBB}.Release|x64.Deploy.0 = Release|x64
		{E04117EB-CA3B-43AE-A464-A14CD9BEFDBB}.Release|x86.ActiveCfg = Release|x86
		{E04117EB-CA3B-43AE-A464-A14CD9BEFDBB}.Release|x86.Build.0 = Release|x86
		{E04117EB-CA3B-43AE-A464-A14CD9BEFDBB}.Release|x86.Deploy.0 = Release|x86
		{A0106071-ECDE-4638-8DA4-69B0AFB163AA}.Ad-Hoc|Any CPU.ActiveCfg = Release|Any CPU
		{A0106071-ECDE-4638-8DA4-69B0AFB163AA}.Ad-Hoc|Any CPU.Build.0 = Release|Any CPU
		{A0106071-ECDE-4638-8DA4-69B0AFB163AA}.Ad-Hoc|ARM.ActiveCfg = Release|Any CPU
		{A0106071-ECDE-4638-8DA4-69B0AFB163AA}.Ad-Hoc|ARM.Build.0 = Release|Any CPU
		{A0106071-ECDE-4638-8DA4-69B0AFB163AA}.Ad-Hoc|iPhone.ActiveCfg = Release|Any CPU
		{A0106071-ECDE-4638-8DA4-69B0AFB163AA}.Ad-Hoc|iPhone.Build.0 = Release|Any CPU
		{A0106071-ECDE-4638-8DA4-69B0AFB163AA}.Ad-Hoc|iPhoneSimulator.ActiveCfg = Release|Any CPU
		{A0106071-ECDE-4638-8DA4-69B0AFB163AA}.Ad-Hoc|iPhoneSimulator.Build.0 = Release|Any CPU
		{A0106071-ECDE-4638-8DA4-69B0AFB163AA}.Ad-Hoc|x64.ActiveCfg = Release|Any CPU
		{A0106071-ECDE-4638-8DA4-69B0AFB163AA}.Ad-Hoc|x64.Build.0 = Release|Any CPU
		{A0106071-ECDE-4638-8DA4-69B0AFB163AA}.Ad-Hoc|x86.ActiveCfg = Release|Any CPU
		{A0106071-ECDE-4638-8DA4-69B0AFB163AA}.Ad-Hoc|x86.Build.0 = Release|Any CPU
		{A0106071-ECDE-4638-8DA4-69B0AFB163AA}.AppStore|Any CPU.ActiveCfg = Release|Any CPU
		{A0106071-ECDE-4638-8DA4-69B0AFB163AA}.AppStore|Any CPU.Build.0 = Release|Any CPU
		{A0106071-ECDE-4638-8DA4-69B0AFB163AA}.AppStore|ARM.ActiveCfg = Release|Any CPU
		{A0106071-ECDE-4638-8DA4-69B0AFB163AA}.AppStore|ARM.Build.0 = Release|Any CPU
		{A0106071-ECDE-4638-8DA4-69B0AFB163AA}.AppStore|iPhone.ActiveCfg = Release|Any CPU
		{A0106071-ECDE-4638-8DA4-69B0AFB163AA}.AppStore|iPhone.Build.0 = Release|Any CPU
		{A0106071-ECDE-4638-8DA4-69B0AFB163AA}.AppStore|iPhoneSimulator.ActiveCfg = Release|Any CPU
		{A0106071-ECDE-4638-8DA4-69B0AFB163AA}.AppStore|iPhoneSimulator.Build.0 = Release|Any CPU
		{A0106071-ECDE-4638-8DA4-69B0AFB163AA}.AppStore|x64.ActiveCfg = Release|Any CPU
		{A0106071-ECDE-4638-8DA4-69B0AFB163AA}.AppStore|x64.Build.0 = Release|Any CPU
		{A0106071-ECDE-4638-8DA4-69B0AFB163AA}.AppStore|x86.ActiveCfg = Release|Any CPU
		{A0106071-ECDE-4638-8DA4-69B0AFB163AA}.AppStore|x86.Build.0 = Release|Any CPU
		{A0106071-ECDE-4638-8DA4-69B0AFB163AA}.Debug|Any CPU.ActiveCfg = Debug|Any CPU
		{A0106071-ECDE-4638-8DA4-69B0AFB163AA}.Debug|Any CPU.Build.0 = Debug|Any CPU
		{A0106071-ECDE-4638-8DA4-69B0AFB163AA}.Debug|ARM.ActiveCfg = Debug|Any CPU
		{A0106071-ECDE-4638-8DA4-69B0AFB163AA}.Debug|ARM.Build.0 = Debug|Any CPU
		{A0106071-ECDE-4638-8DA4-69B0AFB163AA}.Debug|iPhone.ActiveCfg = Debug|Any CPU
		{A0106071-ECDE-4638-8DA4-69B0AFB163AA}.Debug|iPhone.Build.0 = Debug|Any CPU
		{A0106071-ECDE-4638-8DA4-69B0AFB163AA}.Debug|iPhoneSimulator.ActiveCfg = Debug|Any CPU
		{A0106071-ECDE-4638-8DA4-69B0AFB163AA}.Debug|iPhoneSimulator.Build.0 = Debug|Any CPU
		{A0106071-ECDE-4638-8DA4-69B0AFB163AA}.Debug|x64.ActiveCfg = Debug|Any CPU
		{A0106071-ECDE-4638-8DA4-69B0AFB163AA}.Debug|x64.Build.0 = Debug|Any CPU
		{A0106071-ECDE-4638-8DA4-69B0AFB163AA}.Debug|x86.ActiveCfg = Debug|Any CPU
		{A0106071-ECDE-4638-8DA4-69B0AFB163AA}.Debug|x86.Build.0 = Debug|Any CPU
		{A0106071-ECDE-4638-8DA4-69B0AFB163AA}.Release|Any CPU.ActiveCfg = Release|Any CPU
		{A0106071-ECDE-4638-8DA4-69B0AFB163AA}.Release|Any CPU.Build.0 = Release|Any CPU
		{A0106071-ECDE-4638-8DA4-69B0AFB163AA}.Release|ARM.ActiveCfg = Release|Any CPU
		{A0106071-ECDE-4638-8DA4-69B0AFB163AA}.Release|ARM.Build.0 = Release|Any CPU
		{A0106071-ECDE-4638-8DA4-69B0AFB163AA}.Release|iPhone.ActiveCfg = Release|Any CPU
		{A0106071-ECDE-4638-8DA4-69B0AFB163AA}.Release|iPhone.Build.0 = Release|Any CPU
		{A0106071-ECDE-4638-8DA4-69B0AFB163AA}.Release|iPhoneSimulator.ActiveCfg = Release|Any CPU
		{A0106071-ECDE-4638-8DA4-69B0AFB163AA}.Release|iPhoneSimulator.Build.0 = Release|Any CPU
		{A0106071-ECDE-4638-8DA4-69B0AFB163AA}.Release|x64.ActiveCfg = Release|Any CPU
		{A0106071-ECDE-4638-8DA4-69B0AFB163AA}.Release|x64.Build.0 = Release|Any CPU
		{A0106071-ECDE-4638-8DA4-69B0AFB163AA}.Release|x86.ActiveCfg = Release|Any CPU
		{A0106071-ECDE-4638-8DA4-69B0AFB163AA}.Release|x86.Build.0 = Release|Any CPU
		{1A0FE937-5F47-4EA5-8739-594ED10B85DC}.Ad-Hoc|Any CPU.ActiveCfg = Release|Any CPU
		{1A0FE937-5F47-4EA5-8739-594ED10B85DC}.Ad-Hoc|Any CPU.Build.0 = Release|Any CPU
		{1A0FE937-5F47-4EA5-8739-594ED10B85DC}.Ad-Hoc|ARM.ActiveCfg = Release|Any CPU
		{1A0FE937-5F47-4EA5-8739-594ED10B85DC}.Ad-Hoc|ARM.Build.0 = Release|Any CPU
		{1A0FE937-5F47-4EA5-8739-594ED10B85DC}.Ad-Hoc|iPhone.ActiveCfg = Release|Any CPU
		{1A0FE937-5F47-4EA5-8739-594ED10B85DC}.Ad-Hoc|iPhone.Build.0 = Release|Any CPU
		{1A0FE937-5F47-4EA5-8739-594ED10B85DC}.Ad-Hoc|iPhoneSimulator.ActiveCfg = Release|Any CPU
		{1A0FE937-5F47-4EA5-8739-594ED10B85DC}.Ad-Hoc|iPhoneSimulator.Build.0 = Release|Any CPU
		{1A0FE937-5F47-4EA5-8739-594ED10B85DC}.Ad-Hoc|x64.ActiveCfg = Release|Any CPU
		{1A0FE937-5F47-4EA5-8739-594ED10B85DC}.Ad-Hoc|x64.Build.0 = Release|Any CPU
		{1A0FE937-5F47-4EA5-8739-594ED10B85DC}.Ad-Hoc|x86.ActiveCfg = Release|Any CPU
		{1A0FE937-5F47-4EA5-8739-594ED10B85DC}.Ad-Hoc|x86.Build.0 = Release|Any CPU
		{1A0FE937-5F47-4EA5-8739-594ED10B85DC}.AppStore|Any CPU.ActiveCfg = Release|Any CPU
		{1A0FE937-5F47-4EA5-8739-594ED10B85DC}.AppStore|Any CPU.Build.0 = Release|Any CPU
		{1A0FE937-5F47-4EA5-8739-594ED10B85DC}.AppStore|ARM.ActiveCfg = Release|Any CPU
		{1A0FE937-5F47-4EA5-8739-594ED10B85DC}.AppStore|ARM.Build.0 = Release|Any CPU
		{1A0FE937-5F47-4EA5-8739-594ED10B85DC}.AppStore|iPhone.ActiveCfg = Release|Any CPU
		{1A0FE937-5F47-4EA5-8739-594ED10B85DC}.AppStore|iPhone.Build.0 = Release|Any CPU
		{1A0FE937-5F47-4EA5-8739-594ED10B85DC}.AppStore|iPhoneSimulator.ActiveCfg = Release|Any CPU
		{1A0FE937-5F47-4EA5-8739-594ED10B85DC}.AppStore|iPhoneSimulator.Build.0 = Release|Any CPU
		{1A0FE937-5F47-4EA5-8739-594ED10B85DC}.AppStore|x64.ActiveCfg = Release|Any CPU
		{1A0FE937-5F47-4EA5-8739-594ED10B85DC}.AppStore|x64.Build.0 = Release|Any CPU
		{1A0FE937-5F47-4EA5-8739-594ED10B85DC}.AppStore|x86.ActiveCfg = Release|Any CPU
		{1A0FE937-5F47-4EA5-8739-594ED10B85DC}.AppStore|x86.Build.0 = Release|Any CPU
		{1A0FE937-5F47-4EA5-8739-594ED10B85DC}.Debug|Any CPU.ActiveCfg = Debug|Any CPU
		{1A0FE937-5F47-4EA5-8739-594ED10B85DC}.Debug|Any CPU.Build.0 = Debug|Any CPU
		{1A0FE937-5F47-4EA5-8739-594ED10B85DC}.Debug|ARM.ActiveCfg = Debug|Any CPU
		{1A0FE937-5F47-4EA5-8739-594ED10B85DC}.Debug|ARM.Build.0 = Debug|Any CPU
		{1A0FE937-5F47-4EA5-8739-594ED10B85DC}.Debug|iPhone.ActiveCfg = Debug|Any CPU
		{1A0FE937-5F47-4EA5-8739-594ED10B85DC}.Debug|iPhone.Build.0 = Debug|Any CPU
		{1A0FE937-5F47-4EA5-8739-594ED10B85DC}.Debug|iPhoneSimulator.ActiveCfg = Debug|Any CPU
		{1A0FE937-5F47-4EA5-8739-594ED10B85DC}.Debug|iPhoneSimulator.Build.0 = Debug|Any CPU
		{1A0FE937-5F47-4EA5-8739-594ED10B85DC}.Debug|x64.ActiveCfg = Debug|Any CPU
		{1A0FE937-5F47-4EA5-8739-594ED10B85DC}.Debug|x64.Build.0 = Debug|Any CPU
		{1A0FE937-5F47-4EA5-8739-594ED10B85DC}.Debug|x86.ActiveCfg = Debug|Any CPU
		{1A0FE937-5F47-4EA5-8739-594ED10B85DC}.Debug|x86.Build.0 = Debug|Any CPU
		{1A0FE937-5F47-4EA5-8739-594ED10B85DC}.Release|Any CPU.ActiveCfg = Release|Any CPU
		{1A0FE937-5F47-4EA5-8739-594ED10B85DC}.Release|Any CPU.Build.0 = Release|Any CPU
		{1A0FE937-5F47-4EA5-8739-594ED10B85DC}.Release|ARM.ActiveCfg = Release|Any CPU
		{1A0FE937-5F47-4EA5-8739-594ED10B85DC}.Release|ARM.Build.0 = Release|Any CPU
		{1A0FE937-5F47-4EA5-8739-594ED10B85DC}.Release|iPhone.ActiveCfg = Release|Any CPU
		{1A0FE937-5F47-4EA5-8739-594ED10B85DC}.Release|iPhone.Build.0 = Release|Any CPU
		{1A0FE937-5F47-4EA5-8739-594ED10B85DC}.Release|iPhoneSimulator.ActiveCfg = Release|Any CPU
		{1A0FE937-5F47-4EA5-8739-594ED10B85DC}.Release|iPhoneSimulator.Build.0 = Release|Any CPU
		{1A0FE937-5F47-4EA5-8739-594ED10B85DC}.Release|x64.ActiveCfg = Release|Any CPU
		{1A0FE937-5F47-4EA5-8739-594ED10B85DC}.Release|x64.Build.0 = Release|Any CPU
		{1A0FE937-5F47-4EA5-8739-594ED10B85DC}.Release|x86.ActiveCfg = Release|Any CPU
		{1A0FE937-5F47-4EA5-8739-594ED10B85DC}.Release|x86.Build.0 = Release|Any CPU
		{67F9D3A8-F71E-4428-913F-C37AE82CDB24}.Ad-Hoc|Any CPU.ActiveCfg = Release|Any CPU
		{67F9D3A8-F71E-4428-913F-C37AE82CDB24}.Ad-Hoc|Any CPU.Build.0 = Release|Any CPU
		{67F9D3A8-F71E-4428-913F-C37AE82CDB24}.Ad-Hoc|ARM.ActiveCfg = Release|Any CPU
		{67F9D3A8-F71E-4428-913F-C37AE82CDB24}.Ad-Hoc|ARM.Build.0 = Release|Any CPU
		{67F9D3A8-F71E-4428-913F-C37AE82CDB24}.Ad-Hoc|iPhone.ActiveCfg = Release|Any CPU
		{67F9D3A8-F71E-4428-913F-C37AE82CDB24}.Ad-Hoc|iPhone.Build.0 = Release|Any CPU
		{67F9D3A8-F71E-4428-913F-C37AE82CDB24}.Ad-Hoc|iPhoneSimulator.ActiveCfg = Release|Any CPU
		{67F9D3A8-F71E-4428-913F-C37AE82CDB24}.Ad-Hoc|iPhoneSimulator.Build.0 = Release|Any CPU
		{67F9D3A8-F71E-4428-913F-C37AE82CDB24}.Ad-Hoc|x64.ActiveCfg = Release|Any CPU
		{67F9D3A8-F71E-4428-913F-C37AE82CDB24}.Ad-Hoc|x64.Build.0 = Release|Any CPU
		{67F9D3A8-F71E-4428-913F-C37AE82CDB24}.Ad-Hoc|x86.ActiveCfg = Release|Any CPU
		{67F9D3A8-F71E-4428-913F-C37AE82CDB24}.Ad-Hoc|x86.Build.0 = Release|Any CPU
		{67F9D3A8-F71E-4428-913F-C37AE82CDB24}.AppStore|Any CPU.ActiveCfg = Release|Any CPU
		{67F9D3A8-F71E-4428-913F-C37AE82CDB24}.AppStore|Any CPU.Build.0 = Release|Any CPU
		{67F9D3A8-F71E-4428-913F-C37AE82CDB24}.AppStore|ARM.ActiveCfg = Release|Any CPU
		{67F9D3A8-F71E-4428-913F-C37AE82CDB24}.AppStore|ARM.Build.0 = Release|Any CPU
		{67F9D3A8-F71E-4428-913F-C37AE82CDB24}.AppStore|iPhone.ActiveCfg = Release|Any CPU
		{67F9D3A8-F71E-4428-913F-C37AE82CDB24}.AppStore|iPhone.Build.0 = Release|Any CPU
		{67F9D3A8-F71E-4428-913F-C37AE82CDB24}.AppStore|iPhoneSimulator.ActiveCfg = Release|Any CPU
		{67F9D3A8-F71E-4428-913F-C37AE82CDB24}.AppStore|iPhoneSimulator.Build.0 = Release|Any CPU
		{67F9D3A8-F71E-4428-913F-C37AE82CDB24}.AppStore|x64.ActiveCfg = Release|Any CPU
		{67F9D3A8-F71E-4428-913F-C37AE82CDB24}.AppStore|x64.Build.0 = Release|Any CPU
		{67F9D3A8-F71E-4428-913F-C37AE82CDB24}.AppStore|x86.ActiveCfg = Release|Any CPU
		{67F9D3A8-F71E-4428-913F-C37AE82CDB24}.AppStore|x86.Build.0 = Release|Any CPU
		{67F9D3A8-F71E-4428-913F-C37AE82CDB24}.Debug|Any CPU.ActiveCfg = Debug|Any CPU
		{67F9D3A8-F71E-4428-913F-C37AE82CDB24}.Debug|Any CPU.Build.0 = Debug|Any CPU
		{67F9D3A8-F71E-4428-913F-C37AE82CDB24}.Debug|ARM.ActiveCfg = Debug|Any CPU
		{67F9D3A8-F71E-4428-913F-C37AE82CDB24}.Debug|ARM.Build.0 = Debug|Any CPU
		{67F9D3A8-F71E-4428-913F-C37AE82CDB24}.Debug|iPhone.ActiveCfg = Debug|Any CPU
		{67F9D3A8-F71E-4428-913F-C37AE82CDB24}.Debug|iPhone.Build.0 = Debug|Any CPU
		{67F9D3A8-F71E-4428-913F-C37AE82CDB24}.Debug|iPhoneSimulator.ActiveCfg = Debug|Any CPU
		{67F9D3A8-F71E-4428-913F-C37AE82CDB24}.Debug|iPhoneSimulator.Build.0 = Debug|Any CPU
		{67F9D3A8-F71E-4428-913F-C37AE82CDB24}.Debug|x64.ActiveCfg = Debug|Any CPU
		{67F9D3A8-F71E-4428-913F-C37AE82CDB24}.Debug|x64.Build.0 = Debug|Any CPU
		{67F9D3A8-F71E-4428-913F-C37AE82CDB24}.Debug|x86.ActiveCfg = Debug|Any CPU
		{67F9D3A8-F71E-4428-913F-C37AE82CDB24}.Debug|x86.Build.0 = Debug|Any CPU
		{67F9D3A8-F71E-4428-913F-C37AE82CDB24}.Release|Any CPU.ActiveCfg = Release|Any CPU
		{67F9D3A8-F71E-4428-913F-C37AE82CDB24}.Release|Any CPU.Build.0 = Release|Any CPU
		{67F9D3A8-F71E-4428-913F-C37AE82CDB24}.Release|ARM.ActiveCfg = Release|Any CPU
		{67F9D3A8-F71E-4428-913F-C37AE82CDB24}.Release|ARM.Build.0 = Release|Any CPU
		{67F9D3A8-F71E-4428-913F-C37AE82CDB24}.Release|iPhone.ActiveCfg = Release|Any CPU
		{67F9D3A8-F71E-4428-913F-C37AE82CDB24}.Release|iPhone.Build.0 = Release|Any CPU
		{67F9D3A8-F71E-4428-913F-C37AE82CDB24}.Release|iPhoneSimulator.ActiveCfg = Release|Any CPU
		{67F9D3A8-F71E-4428-913F-C37AE82CDB24}.Release|iPhoneSimulator.Build.0 = Release|Any CPU
		{67F9D3A8-F71E-4428-913F-C37AE82CDB24}.Release|x64.ActiveCfg = Release|Any CPU
		{67F9D3A8-F71E-4428-913F-C37AE82CDB24}.Release|x64.Build.0 = Release|Any CPU
		{67F9D3A8-F71E-4428-913F-C37AE82CDB24}.Release|x86.ActiveCfg = Release|Any CPU
		{67F9D3A8-F71E-4428-913F-C37AE82CDB24}.Release|x86.Build.0 = Release|Any CPU
	EndGlobalSection
	GlobalSection(SolutionProperties) = preSolution
		HideSolutionNode = FALSE
	EndGlobalSection
EndGlobal
